// !$*UTF8*$!
{
	archiveVersion = 1;
	classes = {
	};
	objectVersion = 77;
	objects = {

/* Begin PBXBuildFile section */
		A0236BCB2E23AF280077A365 /* UnittestOnlyTestPlan.xctestplan in Resources */ = {isa = PBXBuildFile; fileRef = A0236BCA2E23AF280077A365 /* UnittestOnlyTestPlan.xctestplan */; };
/* End PBXBuildFile section */

/* Begin PBXContainerItemProxy section */
		A06597BC2E1D5620009A2005 /* PBXContainerItemProxy */ = {
			isa = PBXContainerItemProxy;
			containerPortal = A06597A62E1D561F009A2005 /* Project object */;
			proxyType = 1;
			remoteGlobalIDString = A06597AD2E1D561F009A2005;
			remoteInfo = TDDDev;
		};
		A06597C62E1D5620009A2005 /* PBXContainerItemProxy */ = {
			isa = PBXContainerItemProxy;
			containerPortal = A06597A62E1D561F009A2005 /* Project object */;
			proxyType = 1;
			remoteGlobalIDString = A06597AD2E1D561F009A2005;
			remoteInfo = TDDDev;
		};
/* End PBXContainerItemProxy section */

/* Begin PBXFileReference section */
		A0236BCA2E23AF280077A365 /* UnittestOnlyTestPlan.xctestplan */ = {isa = PBXFileReference; lastKnownFileType = text; path = UnittestOnlyTestPlan.xctestplan; sourceTree = "<group>"; };
		A06597AE2E1D561F009A2005 /* TDDDev.app */ = {isa = PBXFileReference; explicitFileType = wrapper.application; includeInIndex = 0; path = TDDDev.app; sourceTree = BUILT_PRODUCTS_DIR; };
		A06597BB2E1D5620009A2005 /* TDDDevTests.xctest */ = {isa = PBXFileReference; explicitFileType = wrapper.cfbundle; includeInIndex = 0; path = TDDDevTests.xctest; sourceTree = BUILT_PRODUCTS_DIR; };
		A06597C52E1D5620009A2005 /* TDDDevUITests.xctest */ = {isa = PBXFileReference; explicitFileType = wrapper.cfbundle; includeInIndex = 0; path = TDDDevUITests.xctest; sourceTree = BUILT_PRODUCTS_DIR; };
/* End PBXFileReference section */

/* Begin PBXFileSystemSynchronizedRootGroup section */
		A06597B02E1D561F009A2005 /* TDDDev */ = {
			isa = PBXFileSystemSynchronizedRootGroup;
			path = TDDDev;
			sourceTree = "<group>";
		};
		A06597BE2E1D5620009A2005 /* TDDDevTests */ = {
			isa = PBXFileSystemSynchronizedRootGroup;
			path = TDDDevTests;
			sourceTree = "<group>";
		};
		A06597C82E1D5620009A2005 /* TDDDevUITests */ = {
			isa = PBXFileSystemSynchronizedRootGroup;
			path = TDDDevUITests;
			sourceTree = "<group>";
		};
/* End PBXFileSystemSynchronizedRootGroup section */

/* Begin PBXFrameworksBuildPhase section */
		A06597AB2E1D561F009A2005 /* Frameworks */ = {
			isa = PBXFrameworksBuildPhase;
			buildActionMask = 2147483647;
			files = (
			);
			runOnlyForDeploymentPostprocessing = 0;
		};
		A06597B82E1D5620009A2005 /* Frameworks */ = {
			isa = PBXFrameworksBuildPhase;
			buildActionMask = 2147483647;
			files = (
			);
			runOnlyForDeploymentPostprocessing = 0;
		};
		A06597C22E1D5620009A2005 /* Frameworks */ = {
			isa = PBXFrameworksBuildPhase;
			buildActionMask = 2147483647;
			files = (
			);
			runOnlyForDeploymentPostprocessing = 0;
		};
/* End PBXFrameworksBuildPhase section */

/* Begin PBXGroup section */
		A06597A52E1D561F009A2005 = {
			isa = PBXGroup;
			children = (
				A0236BCA2E23AF280077A365 /* UnittestOnlyTestPlan.xctestplan */,
				A06597B02E1D561F009A2005 /* TDDDev */,
				A06597BE2E1D5620009A2005 /* TDDDevTests */,
				A06597C82E1D5620009A2005 /* TDDDevUITests */,
				A06597AF2E1D561F009A2005 /* Products */,
			);
			sourceTree = "<group>";
		};
		A06597AF2E1D561F009A2005 /* Products */ = {
			isa = PBXGroup;
			children = (
				A06597AE2E1D561F009A2005 /* TDDDev.app */,
				A06597BB2E1D5620009A2005 /* TDDDevTests.xctest */,
				A06597C52E1D5620009A2005 /* TDDDevUITests.xctest */,
			);
			name = Products;
			sourceTree = "<group>";
		};
/* End PBXGroup section */

/* Begin PBXNativeTarget section */
		A06597AD2E1D561F009A2005 /* TDDDev */ = {
			isa = PBXNativeTarget;
			buildConfigurationList = A06597CF2E1D5620009A2005 /* Build configuration list for PBXNativeTarget "TDDDev" */;
			buildPhases = (
				A06597AA2E1D561F009A2005 /* Sources */,
				A06597AB2E1D561F009A2005 /* Frameworks */,
				A06597AC2E1D561F009A2005 /* Resources */,
			);
			buildRules = (
			);
			dependencies = (
			);
			fileSystemSynchronizedGroups = (
				A06597B02E1D561F009A2005 /* TDDDev */,
			);
			name = TDDDev;
			packageProductDependencies = (
			);
			productName = TDDDev;
			productReference = A06597AE2E1D561F009A2005 /* TDDDev.app */;
			productType = "com.apple.product-type.application";
		};
		A06597BA2E1D5620009A2005 /* TDDDevTests */ = {
			isa = PBXNativeTarget;
			buildConfigurationList = A06597D22E1D5620009A2005 /* Build configuration list for PBXNativeTarget "TDDDevTests" */;
			buildPhases = (
				A06597B72E1D5620009A2005 /* Sources */,
				A06597B82E1D5620009A2005 /* Frameworks */,
				A06597B92E1D5620009A2005 /* Resources */,
			);
			buildRules = (
			);
			dependencies = (
				A06597BD2E1D5620009A2005 /* PBXTargetDependency */,
			);
			fileSystemSynchronizedGroups = (
				A06597BE2E1D5620009A2005 /* TDDDevTests */,
			);
			name = TDDDevTests;
			packageProductDependencies = (
			);
			productName = TDDDevTests;
			productReference = A06597BB2E1D5620009A2005 /* TDDDevTests.xctest */;
			productType = "com.apple.product-type.bundle.unit-test";
		};
		A06597C42E1D5620009A2005 /* TDDDevUITests */ = {
			isa = PBXNativeTarget;
			buildConfigurationList = A06597D52E1D5620009A2005 /* Build configuration list for PBXNativeTarget "TDDDevUITests" */;
			buildPhases = (
				A06597C12E1D5620009A2005 /* Sources */,
				A06597C22E1D5620009A2005 /* Frameworks */,
				A06597C32E1D5620009A2005 /* Resources */,
			);
			buildRules = (
			);
			dependencies = (
				A06597C72E1D5620009A2005 /* PBXTargetDependency */,
			);
			fileSystemSynchronizedGroups = (
				A06597C82E1D5620009A2005 /* TDDDevUITests */,
			);
			name = TDDDevUITests;
			packageProductDependencies = (
			);
			productName = TDDDevUITests;
			productReference = A06597C52E1D5620009A2005 /* TDDDevUITests.xctest */;
			productType = "com.apple.product-type.bundle.ui-testing";
		};
/* End PBXNativeTarget section */

/* Begin PBXProject section */
		A06597A62E1D561F009A2005 /* Project object */ = {
			isa = PBXProject;
			attributes = {
				BuildIndependentTargetsInParallel = 1;
				LastSwiftUpdateCheck = 1640;
				LastUpgradeCheck = 1640;
				TargetAttributes = {
					A06597AD2E1D561F009A2005 = {
						CreatedOnToolsVersion = 16.4;
					};
					A06597BA2E1D5620009A2005 = {
						CreatedOnToolsVersion = 16.4;
						TestTargetID = A06597AD2E1D561F009A2005;
					};
					A06597C42E1D5620009A2005 = {
						CreatedOnToolsVersion = 16.4;
						TestTargetID = A06597AD2E1D561F009A2005;
					};
				};
			};
			buildConfigurationList = A06597A92E1D561F009A2005 /* Build configuration list for PBXProject "TDDDev" */;
			developmentRegion = en;
			hasScannedForEncodings = 0;
			knownRegions = (
				en,
				Base,
			);
			mainGroup = A06597A52E1D561F009A2005;
			minimizedProjectReferenceProxies = 1;
			preferredProjectObjectVersion = 77;
			productRefGroup = A06597AF2E1D561F009A2005 /* Products */;
			projectDirPath = "";
			projectRoot = "";
			targets = (
				A06597AD2E1D561F009A2005 /* TDDDev */,
				A06597BA2E1D5620009A2005 /* TDDDevTests */,
				A06597C42E1D5620009A2005 /* TDDDevUITests */,
			);
		};
/* End PBXProject section */

/* Begin PBXResourcesBuildPhase section */
		A06597AC2E1D561F009A2005 /* Resources */ = {
			isa = PBXResourcesBuildPhase;
			buildActionMask = 2147483647;
			files = (
				A0236BCB2E23AF280077A365 /* UnittestOnlyTestPlan.xctestplan in Resources */,
			);
			runOnlyForDeploymentPostprocessing = 0;
		};
		A06597B92E1D5620009A2005 /* Resources */ = {
			isa = PBXResourcesBuildPhase;
			buildActionMask = 2147483647;
			files = (
			);
			runOnlyForDeploymentPostprocessing = 0;
		};
		A06597C32E1D5620009A2005 /* Resources */ = {
			isa = PBXResourcesBuildPhase;
			buildActionMask = 2147483647;
			files = (
			);
			runOnlyForDeploymentPostprocessing = 0;
		};
/* End PBXResourcesBuildPhase section */

/* Begin PBXSourcesBuildPhase section */
		A06597AA2E1D561F009A2005 /* Sources */ = {
			isa = PBXSourcesBuildPhase;
			buildActionMask = 2147483647;
			files = (
			);
			runOnlyForDeploymentPostprocessing = 0;
		};
		A06597B72E1D5620009A2005 /* Sources */ = {
			isa = PBXSourcesBuildPhase;
			buildActionMask = 2147483647;
			files = (
			);
			runOnlyForDeploymentPostprocessing = 0;
		};
		A06597C12E1D5620009A2005 /* Sources */ = {
			isa = PBXSourcesBuildPhase;
			buildActionMask = 2147483647;
			files = (
			);
			runOnlyForDeploymentPostprocessing = 0;
		};
/* End PBXSourcesBuildPhase section */

/* Begin PBXTargetDependency section */
		A06597BD2E1D5620009A2005 /* PBXTargetDependency */ = {
			isa = PBXTargetDependency;
			target = A06597AD2E1D561F009A2005 /* TDDDev */;
			targetProxy = A06597BC2E1D5620009A2005 /* PBXContainerItemProxy */;
		};
		A06597C72E1D5620009A2005 /* PBXTargetDependency */ = {
			isa = PBXTargetDependency;
			target = A06597AD2E1D561F009A2005 /* TDDDev */;
			targetProxy = A06597C62E1D5620009A2005 /* PBXContainerItemProxy */;
		};
/* End PBXTargetDependency section */

/* Begin XCBuildConfiguration section */
		A06597CD2E1D5620009A2005 /* Debug */ = {
			isa = XCBuildConfiguration;
			buildSettings = {
				ALWAYS_SEARCH_USER_PATHS = NO;
				ASSETCATALOG_COMPILER_GENERATE_SWIFT_ASSET_SYMBOL_EXTENSIONS = YES;
				CLANG_ANALYZER_NONNULL = YES;
				CLANG_ANALYZER_NUMBER_OBJECT_CONVERSION = YES_AGGRESSIVE;
				CLANG_CXX_LANGUAGE_STANDARD = "gnu++20";
				CLANG_ENABLE_MODULES = YES;
				CLANG_ENABLE_OBJC_ARC = YES;
				CLANG_ENABLE_OBJC_WEAK = YES;
				CLANG_WARN_BLOCK_CAPTURE_AUTORELEASING = YES;
				CLANG_WARN_BOOL_CONVERSION = YES;
				CLANG_WARN_COMMA = YES;
				CLANG_WARN_CONSTANT_CONVERSION = YES;
				CLANG_WARN_DEPRECATED_OBJC_IMPLEMENTATIONS = YES;
				CLANG_WARN_DIRECT_OBJC_ISA_USAGE = YES_ERROR;
				CLANG_WARN_DOCUMENTATION_COMMENTS = YES;
				CLANG_WARN_EMPTY_BODY = YES;
				CLANG_WARN_ENUM_CONVERSION = YES;
				CLANG_WARN_INFINITE_RECURSION = YES;
				CLANG_WARN_INT_CONVERSION = YES;
				CLANG_WARN_NON_LITERAL_NULL_CONVERSION = YES;
				CLANG_WARN_OBJC_IMPLICIT_RETAIN_SELF = YES;
				CLANG_WARN_OBJC_LITERAL_CONVERSION = YES;
				CLANG_WARN_OBJC_ROOT_CLASS = YES_ERROR;
				CLANG_WARN_QUOTED_INCLUDE_IN_FRAMEWORK_HEADER = YES;
				CLANG_WARN_RANGE_LOOP_ANALYSIS = YES;
				CLANG_WARN_STRICT_PROTOTYPES = YES;
				CLANG_WARN_SUSPICIOUS_MOVE = YES;
				CLANG_WARN_UNGUARDED_AVAILABILITY = YES_AGGRESSIVE;
				CLANG_WARN_UNREACHABLE_CODE = YES;
				CLANG_WARN__DUPLICATE_METHOD_MATCH = YES;
				COPY_PHASE_STRIP = NO;
				DEBUG_INFORMATION_FORMAT = dwarf;
				ENABLE_STRICT_OBJC_MSGSEND = YES;
				ENABLE_TESTABILITY = YES;
				ENABLE_USER_SCRIPT_SANDBOXING = YES;
				GCC_C_LANGUAGE_STANDARD = gnu17;
				GCC_DYNAMIC_NO_PIC = NO;
				GCC_NO_COMMON_BLOCKS = YES;
				GCC_OPTIMIZATION_LEVEL = 0;
				GCC_PREPROCESSOR_DEFINITIONS = (
					"DEBUG=1",
					"$(inherited)",
				);
				GCC_WARN_64_TO_32_BIT_CONVERSION = YES;
				GCC_WARN_ABOUT_RETURN_TYPE = YES_ERROR;
				GCC_WARN_UNDECLARED_SELECTOR = YES;
				GCC_WARN_UNINITIALIZED_AUTOS = YES_AGGRESSIVE;
				GCC_WARN_UNUSED_FUNCTION = YES;
				GCC_WARN_UNUSED_VARIABLE = YES;
				IPHONEOS_DEPLOYMENT_TARGET = 18.5;
				LOCALIZATION_PREFERS_STRING_CATALOGS = YES;
				MTL_ENABLE_DEBUG_INFO = INCLUDE_SOURCE;
				MTL_FAST_MATH = YES;
				ONLY_ACTIVE_ARCH = YES;
				SDKROOT = iphoneos;
				SWIFT_ACTIVE_COMPILATION_CONDITIONS = "DEBUG $(inherited)";
				SWIFT_OPTIMIZATION_LEVEL = "-Onone";
			};
			name = Debug;
		};
		A06597CE2E1D5620009A2005 /* Release */ = {
			isa = XCBuildConfiguration;
			buildSettings = {
				ALWAYS_SEARCH_USER_PATHS = NO;
				ASSETCATALOG_COMPILER_GENERATE_SWIFT_ASSET_SYMBOL_EXTENSIONS = YES;
				CLANG_ANALYZER_NONNULL = YES;
				CLANG_ANALYZER_NUMBER_OBJECT_CONVERSION = YES_AGGRESSIVE;
				CLANG_CXX_LANGUAGE_STANDARD = "gnu++20";
				CLANG_ENABLE_MODULES = YES;
				CLANG_ENABLE_OBJC_ARC = YES;
				CLANG_ENABLE_OBJC_WEAK = YES;
				CLANG_WARN_BLOCK_CAPTURE_AUTORELEASING = YES;
				CLANG_WARN_BOOL_CONVERSION = YES;
				CLANG_WARN_COMMA = YES;
				CLANG_WARN_CONSTANT_CONVERSION = YES;
				CLANG_WARN_DEPRECATED_OBJC_IMPLEMENTATIONS = YES;
				CLANG_WARN_DIRECT_OBJC_ISA_USAGE = YES_ERROR;
				CLANG_WARN_DOCUMENTATION_COMMENTS = YES;
				CLANG_WARN_EMPTY_BODY = YES;
				CLANG_WARN_ENUM_CONVERSION = YES;
				CLANG_WARN_INFINITE_RECURSION = YES;
				CLANG_WARN_INT_CONVERSION = YES;
				CLANG_WARN_NON_LITERAL_NULL_CONVERSION = YES;
				CLANG_WARN_OBJC_IMPLICIT_RETAIN_SELF = YES;
				CLANG_WARN_OBJC_LITERAL_CONVERSION = YES;
				CLANG_WARN_OBJC_ROOT_CLASS = YES_ERROR;
				CLANG_WARN_QUOTED_INCLUDE_IN_FRAMEWORK_HEADER = YES;
				CLANG_WARN_RANGE_LOOP_ANALYSIS = YES;
				CLANG_WARN_STRICT_PROTOTYPES = YES;
				CLANG_WARN_SUSPICIOUS_MOVE = YES;
				CLANG_WARN_UNGUARDED_AVAILABILITY = YES_AGGRESSIVE;
				CLANG_WARN_UNREACHABLE_CODE = YES;
				CLANG_WARN__DUPLICATE_METHOD_MATCH = YES;
				COPY_PHASE_STRIP = NO;
				DEBUG_INFORMATION_FORMAT = "dwarf-with-dsym";
				ENABLE_NS_ASSERTIONS = NO;
				ENABLE_STRICT_OBJC_MSGSEND = YES;
				ENABLE_USER_SCRIPT_SANDBOXING = YES;
				GCC_C_LANGUAGE_STANDARD = gnu17;
				GCC_NO_COMMON_BLOCKS = YES;
				GCC_WARN_64_TO_32_BIT_CONVERSION = YES;
				GCC_WARN_ABOUT_RETURN_TYPE = YES_ERROR;
				GCC_WARN_UNDECLARED_SELECTOR = YES;
				GCC_WARN_UNINITIALIZED_AUTOS = YES_AGGRESSIVE;
				GCC_WARN_UNUSED_FUNCTION = YES;
				GCC_WARN_UNUSED_VARIABLE = YES;
				IPHONEOS_DEPLOYMENT_TARGET = 18.5;
				LOCALIZATION_PREFERS_STRING_CATALOGS = YES;
				MTL_ENABLE_DEBUG_INFO = NO;
				MTL_FAST_MATH = YES;
				SDKROOT = iphoneos;
				SWIFT_COMPILATION_MODE = wholemodule;
				VALIDATE_PRODUCT = YES;
			};
			name = Release;
		};
		A06597D02E1D5620009A2005 /* Debug */ = {
			isa = XCBuildConfiguration;
			buildSettings = {
				ASSETCATALOG_COMPILER_APPICON_NAME = AppIcon;
				ASSETCATALOG_COMPILER_GLOBAL_ACCENT_COLOR_NAME = AccentColor;
				CODE_SIGN_STYLE = Automatic;
				CURRENT_PROJECT_VERSION = 1;
				ENABLE_PREVIEWS = YES;
				GENERATE_INFOPLIST_FILE = YES;
				INFOPLIST_KEY_UIApplicationSceneManifest_Generation = YES;
				INFOPLIST_KEY_UIApplicationSupportsIndirectInputEvents = YES;
				INFOPLIST_KEY_UILaunchScreen_Generation = YES;
				INFOPLIST_KEY_UISupportedInterfaceOrientations_iPad = "UIInterfaceOrientationPortrait UIInterfaceOrientationPortraitUpsideDown UIInterfaceOrientationLandscapeLeft UIInterfaceOrientationLandscapeRight";
				INFOPLIST_KEY_UISupportedInterfaceOrientations_iPhone = "UIInterfaceOrientationPortrait UIInterfaceOrientationLandscapeLeft UIInterfaceOrientationLandscapeRight";
				LD_RUNPATH_SEARCH_PATHS = (
					"$(inherited)",
					"@executable_path/Frameworks",
				);
				MARKETING_VERSION = 1.0;
				PRODUCT_BUNDLE_IDENTIFIER = runnsss.TDDDev;
				PRODUCT_NAME = "$(TARGET_NAME)";
				SWIFT_EMIT_LOC_STRINGS = YES;
				SWIFT_VERSION = 5.0;
				TARGETED_DEVICE_FAMILY = "1,2";
			};
			name = Debug;
		};
		A06597D12E1D5620009A2005 /* Release */ = {
			isa = XCBuildConfiguration;
			buildSettings = {
				ASSETCATALOG_COMPILER_APPICON_NAME = AppIcon;
				ASSETCATALOG_COMPILER_GLOBAL_ACCENT_COLOR_NAME = AccentColor;
				CODE_SIGN_STYLE = Automatic;
				CURRENT_PROJECT_VERSION = 1;
				ENABLE_PREVIEWS = YES;
				GENERATE_INFOPLIST_FILE = YES;
				INFOPLIST_KEY_UIApplicationSceneManifest_Generation = YES;
				INFOPLIST_KEY_UIApplicationSupportsIndirectInputEvents = YES;
				INFOPLIST_KEY_UILaunchScreen_Generation = YES;
				INFOPLIST_KEY_UISupportedInterfaceOrientations_iPad = "UIInterfaceOrientationPortrait UIInterfaceOrientationPortraitUpsideDown UIInterfaceOrientationLandscapeLeft UIInterfaceOrientationLandscapeRight";
				INFOPLIST_KEY_UISupportedInterfaceOrientations_iPhone = "UIInterfaceOrientationPortrait UIInterfaceOrientationLandscapeLeft UIInterfaceOrientationLandscapeRight";
				LD_RUNPATH_SEARCH_PATHS = (
					"$(inherited)",
					"@executable_path/Frameworks",
				);
				MARKETING_VERSION = 1.0;
				PRODUCT_BUNDLE_IDENTIFIER = runnsss.TDDDev;
				PRODUCT_NAME = "$(TARGET_NAME)";
				SWIFT_EMIT_LOC_STRINGS = YES;
				SWIFT_VERSION = 5.0;
				TARGETED_DEVICE_FAMILY = "1,2";
			};
			name = Release;
		};
		A06597D32E1D5620009A2005 /* Debug */ = {
			isa = XCBuildConfiguration;
			buildSettings = {
				BUNDLE_LOADER = "$(TEST_HOST)";
				CODE_SIGN_STYLE = Automatic;
				CURRENT_PROJECT_VERSION = 1;
				GENERATE_INFOPLIST_FILE = YES;
				IPHONEOS_DEPLOYMENT_TARGET = 18.5;
				MARKETING_VERSION = 1.0;
				PRODUCT_BUNDLE_IDENTIFIER = runnsss.TDDDevTests;
				PRODUCT_NAME = "$(TARGET_NAME)";
				SWIFT_EMIT_LOC_STRINGS = NO;
				SWIFT_VERSION = 5.0;
				TARGETED_DEVICE_FAMILY = "1,2";
				TEST_HOST = "$(BUILT_PRODUCTS_DIR)/TDDDev.app/$(BUNDLE_EXECUTABLE_FOLDER_PATH)/TDDDev";
			};
			name = Debug;
		};
		A06597D42E1D5620009A2005 /* Release */ = {
			isa = XCBuildConfiguration;
			buildSettings = {
				BUNDLE_LOADER = "$(TEST_HOST)";
				CODE_SIGN_STYLE = Automatic;
				CURRENT_PROJECT_VERSION = 1;
				GENERATE_INFOPLIST_FILE = YES;
				IPHONEOS_DEPLOYMENT_TARGET = 18.5;
				MARKETING_VERSION = 1.0;
				PRODUCT_BUNDLE_IDENTIFIER = runnsss.TDDDevTests;
				PRODUCT_NAME = "$(TARGET_NAME)";
				SWIFT_EMIT_LOC_STRINGS = NO;
				SWIFT_VERSION = 5.0;
				TARGETED_DEVICE_FAMILY = "1,2";
				TEST_HOST = "$(BUILT_PRODUCTS_DIR)/TDDDev.app/$(BUNDLE_EXECUTABLE_FOLDER_PATH)/TDDDev";
			};
			name = Release;
		};
		A06597D62E1D5620009A2005 /* Debug */ = {
			isa = XCBuildConfiguration;
			buildSettings = {
				CODE_SIGN_STYLE = Automatic;
				CURRENT_PROJECT_VERSION = 1;
				GENERATE_INFOPLIST_FILE = YES;
				MARKETING_VERSION = 1.0;
				PRODUCT_BUNDLE_IDENTIFIER = runnsss.TDDDevUITests;
				PRODUCT_NAME = "$(TARGET_NAME)";
				SWIFT_EMIT_LOC_STRINGS = NO;
				SWIFT_VERSION = 5.0;
				TARGETED_DEVICE_FAMILY = "1,2";
				TEST_TARGET_NAME = TDDDev;
			};
			name = Debug;
		};
		A06597D72E1D5620009A2005 /* Release */ = {
			isa = XCBuildConfiguration;
			buildSettings = {
				CODE_SIGN_STYLE = Automatic;
				CURRENT_PROJECT_VERSION = 1;
				GENERATE_INFOPLIST_FILE = YES;
				MARKETING_VERSION = 1.0;
				PRODUCT_BUNDLE_IDENTIFIER = runnsss.TDDDevUITests;
				PRODUCT_NAME = "$(TARGET_NAME)";
				SWIFT_EMIT_LOC_STRINGS = NO;
				SWIFT_VERSION = 5.0;
				TARGETED_DEVICE_FAMILY = "1,2";
				TEST_TARGET_NAME = TDDDev;
			};
			name = Release;
		};
/* End XCBuildConfiguration section */

/* Begin XCConfigurationList section */
		A06597A92E1D561F009A2005 /* Build configuration list for PBXProject "TDDDev" */ = {
			isa = XCConfigurationList;
			buildConfigurations = (
				A06597CD2E1D5620009A2005 /* Debug */,
				A06597CE2E1D5620009A2005 /* Release */,
			);
			defaultConfigurationIsVisible = 0;
			defaultConfigurationName = Release;
		};
		A06597CF2E1D5620009A2005 /* Build configuration list for PBXNativeTarget "TDDDev" */ = {
			isa = XCConfigurationList;
			buildConfigurations = (
				A06597D02E1D5620009A2005 /* Debug */,
				A06597D12E1D5620009A2005 /* Release */,
			);
			defaultConfigurationIsVisible = 0;
			defaultConfigurationName = Release;
		};
		A06597D22E1D5620009A2005 /* Build configuration list for PBXNativeTarget "TDDDevTests" */ = {
			isa = XCConfigurationList;
			buildConfigurations = (
				A06597D32E1D5620009A2005 /* Debug */,
				A06597D42E1D5620009A2005 /* Release */,
			);
			defaultConfigurationIsVisible = 0;
			defaultConfigurationName = Release;
		};
		A06597D52E1D5620009A2005 /* Build configuration list for PBXNativeTarget "TDDDevUITests" */ = {
			isa = XCConfigurationList;
			buildConfigurations = (
				A06597D62E1D5620009A2005 /* Debug */,
				A06597D72E1D5620009A2005 /* Release */,
			);
			defaultConfigurationIsVisible = 0;
			defaultConfigurationName = Release;
		};
/* End XCConfigurationList section */
	};
	rootObject = A06597A62E1D561F009A2005 /* Project object */;
}
